
Microsoft Visual Studio Solution File, Format Version 12.00
# Visual Studio Version 17
VisualStudioVersion = 17.7.34009.444
MinimumVisualStudioVersion = 10.0.40219.1
Project("{FAE04EC0-301F-11D3-BF4B-00C04F79EFBC}") = "CommentManagementService.WebApi", "CommentManagementService.WebApi\CommentManagementService.WebApi.csproj", "{EBC5D7A1-C6AF-4974-BE86-D0B4D9E26D84}"
EndProject
Global
	GlobalSection(SolutionConfigurationPlatforms) = preSolution
		Debug|Any CPU = Debug|Any CPU
		Release|Any CPU = Release|Any CPU
	EndGlobalSection
	GlobalSection(ProjectConfigurationPlatforms) = postSolution
		{EBC5D7A1-C6AF-4974-BE86-D0B4D9E26D84}.Debug|Any CPU.ActiveCfg = Debug|Any CPU
		{EBC5D7A1-C6AF-4974-BE86-D0B4D9E26D84}.Debug|Any CPU.Build.0 = Debug|Any CPU
		{EBC5D7A1-C6AF-4974-BE86-D0B4D9E26D84}.Release|Any CPU.ActiveCfg = Release|Any CPU
		{EBC5D7A1-C6AF-4974-BE86-D0B4D9E26D84}.Release|Any CPU.Build.0 = Release|Any CPU
	EndGlobalSection
	GlobalSection(SolutionProperties) = preSolution
		HideSolutionNode = FALSE
	EndGlobalSection
	GlobalSection(ExtensibilityGlobals) = postSolution
		SolutionGuid = {35D129F7-6BD6-4018-86FE-537F37FDF54C}
	EndGlobalSection
EndGlobal
