
Microsoft Visual Studio Solution File, Format Version 12.00
# Visual Studio Version 17
VisualStudioVersion = 17.7.34009.444
MinimumVisualStudioVersion = 10.0.40219.1
Project("{9A19103F-16F7-4668-BE54-9A1E7A4F7556}") = "CommentManagementService.WebApi", "CommentManagementService.WebApi\CommentManagementService.WebApi.csproj", "{EBC5D7A1-C6AF-4974-BE86-D0B4D9E26D84}"
EndProject
Project("{2150E333-8FDC-42A3-9474-1A3956D46DE8}") = "Architecture", "Architecture", "{F95C5E88-1B7A-44C5-9133-37E46F98893D}"
EndProject
Project("{2150E333-8FDC-42A3-9474-1A3956D46DE8}") = "Application", "Application", "{912E4A01-20D9-4E74-82BB-3E838C18D5D5}"
EndProject
Project("{2150E333-8FDC-42A3-9474-1A3956D46DE8}") = "Domain", "Domain", "{34825874-6285-4DB5-917F-3D1D3096285A}"
EndProject
Project("{2150E333-8FDC-42A3-9474-1A3956D46DE8}") = "Presentation", "Presentation", "{8128CBAA-5616-4F51-B18D-FD9EE4A837C4}"
EndProject
Project("{2150E333-8FDC-42A3-9474-1A3956D46DE8}") = "Crosscutting", "Crosscutting", "{937DE79D-ABCB-4FEC-9195-58F1B63C4678}"
EndProject
Project("{2150E333-8FDC-42A3-9474-1A3956D46DE8}") = "Infrastructure", "Infrastructure", "{C03327F2-A304-45A0-9186-4A44E7968EA6}"
EndProject
Project("{FAE04EC0-301F-11D3-BF4B-00C04F79EFBC}") = "EmpCore.Domain", "..\CoreLibs\Domain\EmpCore.Domain\EmpCore.Domain.csproj", "{CF82C1F6-B930-49F1-A2E6-A435D60303EB}"
EndProject
Project("{FAE04EC0-301F-11D3-BF4B-00C04F79EFBC}") = "EmpCore.Crosscutting.DistributedCache", "..\CoreLibs\Crosscutting\EmpCore.Crosscutting.DistributedCache\EmpCore.Crosscutting.DistributedCache.csproj", "{3014E560-2695-4F2B-9908-7784BD6DD03A}"
EndProject
Project("{FAE04EC0-301F-11D3-BF4B-00C04F79EFBC}") = "EmpCore.Infrastructure", "..\CoreLibs\Infrastructure\EmpCore.Infrastructure\EmpCore.Infrastructure.csproj", "{D9955C73-92D5-4CC3-A822-09AFBA393045}"
EndProject
Project("{FAE04EC0-301F-11D3-BF4B-00C04F79EFBC}") = "EmpCore.Infrastructure.MessageBus.CAP", "..\CoreLibs\Infrastructure\EmpCore.Infrastructure.MessageBus\EmpCore.Infrastructure.MessageBus.CAP.csproj", "{E6F6200C-2BEF-4016-9CF2-51C2F55CB737}"
EndProject
Project("{FAE04EC0-301F-11D3-BF4B-00C04F79EFBC}") = "EmpCore.Persistence.EntityFrameworkCore", "..\CoreLibs\Infrastructure\EmpCore.Persistence.EntityFrameworkCore\EmpCore.Persistence.EntityFrameworkCore.csproj", "{C711CF92-CAD9-4CB0-B9D8-6B1A71DDFACF}"
EndProject
Project("{FAE04EC0-301F-11D3-BF4B-00C04F79EFBC}") = "EmpCore.Application", "..\CoreLibs\Application\EmpCore.Application\EmpCore.Application.csproj", "{C4E69176-916C-445F-AF8C-1031407DA73E}"
EndProject
Project("{FAE04EC0-301F-11D3-BF4B-00C04F79EFBC}") = "EmpCore.Api", "..\CoreLibs\Presentation\EmpCore.Api\EmpCore.Api.csproj", "{4F50390F-4906-4906-9D7E-5B493650BDC9}"
EndProject
Project("{2150E333-8FDC-42A3-9474-1A3956D46DE8}") = "QueryStack", "QueryStack", "{A7568574-A71C-4D28-94E4-7874E04CF7C3}"
EndProject
Project("{FAE04EC0-301F-11D3-BF4B-00C04F79EFBC}") = "EmpCore.QueryStack.Dapper", "..\CoreLibs\QueryStack\EmpCore.QueryStack.Dapper\EmpCore.QueryStack.Dapper.csproj", "{C6333582-935E-4286-A49B-6B41140945DB}"
EndProject
Project("{FAE04EC0-301F-11D3-BF4B-00C04F79EFBC}") = "CommentManagementService.Domain", "CommentManagementService.Domain\CommentManagementService.Domain.csproj", "{B25EC9C2-2C21-498F-A01F-CB3323AA695B}"
EndProject
Project("{2150E333-8FDC-42A3-9474-1A3956D46DE8}") = "BlogPostManagementService.Contracts", "BlogPostManagementService.Contracts", "{5BCEE4F5-7CCA-4AAF-8427-B9FB9EAC5145}"
EndProject
Project("{FAE04EC0-301F-11D3-BF4B-00C04F79EFBC}") = "BlogPostManagementService.Contracts", "..\BlogPostManagementService.Contracts\BlogPostManagementService.Contracts\BlogPostManagementService.Contracts.csproj", "{1109A3C7-A13D-4C55-81A1-53D7E8207015}"
EndProject
Project("{FAE04EC0-301F-11D3-BF4B-00C04F79EFBC}") = "CommentManagementService.Application", "CommentManagementService.Application\CommentManagementService.Application.csproj", "{6926978B-572B-44E6-AE0C-8649F5E3CE63}"
EndProject
Project("{FAE04EC0-301F-11D3-BF4B-00C04F79EFBC}") = "CommentManagementService.Persistence", "CommentManagementService.Persistence\CommentManagementService.Persistence.csproj", "{2671BE14-50D9-47C4-8866-8F5B8B254885}"
EndProject
Global
	GlobalSection(SolutionConfigurationPlatforms) = preSolution
		Debug|Any CPU = Debug|Any CPU
		Release|Any CPU = Release|Any CPU
	EndGlobalSection
	GlobalSection(ProjectConfigurationPlatforms) = postSolution
		{EBC5D7A1-C6AF-4974-BE86-D0B4D9E26D84}.Debug|Any CPU.ActiveCfg = Debug|Any CPU
		{EBC5D7A1-C6AF-4974-BE86-D0B4D9E26D84}.Debug|Any CPU.Build.0 = Debug|Any CPU
		{EBC5D7A1-C6AF-4974-BE86-D0B4D9E26D84}.Release|Any CPU.ActiveCfg = Release|Any CPU
		{EBC5D7A1-C6AF-4974-BE86-D0B4D9E26D84}.Release|Any CPU.Build.0 = Release|Any CPU
		{CF82C1F6-B930-49F1-A2E6-A435D60303EB}.Debug|Any CPU.ActiveCfg = Debug|Any CPU
		{CF82C1F6-B930-49F1-A2E6-A435D60303EB}.Debug|Any CPU.Build.0 = Debug|Any CPU
		{CF82C1F6-B930-49F1-A2E6-A435D60303EB}.Release|Any CPU.ActiveCfg = Release|Any CPU
		{CF82C1F6-B930-49F1-A2E6-A435D60303EB}.Release|Any CPU.Build.0 = Release|Any CPU
		{3014E560-2695-4F2B-9908-7784BD6DD03A}.Debug|Any CPU.ActiveCfg = Debug|Any CPU
		{3014E560-2695-4F2B-9908-7784BD6DD03A}.Debug|Any CPU.Build.0 = Debug|Any CPU
		{3014E560-2695-4F2B-9908-7784BD6DD03A}.Release|Any CPU.ActiveCfg = Release|Any CPU
		{3014E560-2695-4F2B-9908-7784BD6DD03A}.Release|Any CPU.Build.0 = Release|Any CPU
		{D9955C73-92D5-4CC3-A822-09AFBA393045}.Debug|Any CPU.ActiveCfg = Debug|Any CPU
		{D9955C73-92D5-4CC3-A822-09AFBA393045}.Debug|Any CPU.Build.0 = Debug|Any CPU
		{D9955C73-92D5-4CC3-A822-09AFBA393045}.Release|Any CPU.ActiveCfg = Release|Any CPU
		{D9955C73-92D5-4CC3-A822-09AFBA393045}.Release|Any CPU.Build.0 = Release|Any CPU
		{E6F6200C-2BEF-4016-9CF2-51C2F55CB737}.Debug|Any CPU.ActiveCfg = Debug|Any CPU
		{E6F6200C-2BEF-4016-9CF2-51C2F55CB737}.Debug|Any CPU.Build.0 = Debug|Any CPU
		{E6F6200C-2BEF-4016-9CF2-51C2F55CB737}.Release|Any CPU.ActiveCfg = Release|Any CPU
		{E6F6200C-2BEF-4016-9CF2-51C2F55CB737}.Release|Any CPU.Build.0 = Release|Any CPU
		{C711CF92-CAD9-4CB0-B9D8-6B1A71DDFACF}.Debug|Any CPU.ActiveCfg = Debug|Any CPU
		{C711CF92-CAD9-4CB0-B9D8-6B1A71DDFACF}.Debug|Any CPU.Build.0 = Debug|Any CPU
		{C711CF92-CAD9-4CB0-B9D8-6B1A71DDFACF}.Release|Any CPU.ActiveCfg = Release|Any CPU
		{C711CF92-CAD9-4CB0-B9D8-6B1A71DDFACF}.Release|Any CPU.Build.0 = Release|Any CPU
		{C4E69176-916C-445F-AF8C-1031407DA73E}.Debug|Any CPU.ActiveCfg = Debug|Any CPU
		{C4E69176-916C-445F-AF8C-1031407DA73E}.Debug|Any CPU.Build.0 = Debug|Any CPU
		{C4E69176-916C-445F-AF8C-1031407DA73E}.Release|Any CPU.ActiveCfg = Release|Any CPU
		{C4E69176-916C-445F-AF8C-1031407DA73E}.Release|Any CPU.Build.0 = Release|Any CPU
		{4F50390F-4906-4906-9D7E-5B493650BDC9}.Debug|Any CPU.ActiveCfg = Debug|Any CPU
		{4F50390F-4906-4906-9D7E-5B493650BDC9}.Debug|Any CPU.Build.0 = Debug|Any CPU
		{4F50390F-4906-4906-9D7E-5B493650BDC9}.Release|Any CPU.ActiveCfg = Release|Any CPU
		{4F50390F-4906-4906-9D7E-5B493650BDC9}.Release|Any CPU.Build.0 = Release|Any CPU
		{C6333582-935E-4286-A49B-6B41140945DB}.Debug|Any CPU.ActiveCfg = Debug|Any CPU
		{C6333582-935E-4286-A49B-6B41140945DB}.Debug|Any CPU.Build.0 = Debug|Any CPU
		{C6333582-935E-4286-A49B-6B41140945DB}.Release|Any CPU.ActiveCfg = Release|Any CPU
		{C6333582-935E-4286-A49B-6B41140945DB}.Release|Any CPU.Build.0 = Release|Any CPU
		{B25EC9C2-2C21-498F-A01F-CB3323AA695B}.Debug|Any CPU.ActiveCfg = Debug|Any CPU
		{B25EC9C2-2C21-498F-A01F-CB3323AA695B}.Debug|Any CPU.Build.0 = Debug|Any CPU
		{B25EC9C2-2C21-498F-A01F-CB3323AA695B}.Release|Any CPU.ActiveCfg = Release|Any CPU
		{B25EC9C2-2C21-498F-A01F-CB3323AA695B}.Release|Any CPU.Build.0 = Release|Any CPU
		{1109A3C7-A13D-4C55-81A1-53D7E8207015}.Debug|Any CPU.ActiveCfg = Debug|Any CPU
		{1109A3C7-A13D-4C55-81A1-53D7E8207015}.Debug|Any CPU.Build.0 = Debug|Any CPU
		{1109A3C7-A13D-4C55-81A1-53D7E8207015}.Release|Any CPU.ActiveCfg = Release|Any CPU
		{1109A3C7-A13D-4C55-81A1-53D7E8207015}.Release|Any CPU.Build.0 = Release|Any CPU
		{6926978B-572B-44E6-AE0C-8649F5E3CE63}.Debug|Any CPU.ActiveCfg = Debug|Any CPU
		{6926978B-572B-44E6-AE0C-8649F5E3CE63}.Debug|Any CPU.Build.0 = Debug|Any CPU
		{6926978B-572B-44E6-AE0C-8649F5E3CE63}.Release|Any CPU.ActiveCfg = Release|Any CPU
		{6926978B-572B-44E6-AE0C-8649F5E3CE63}.Release|Any CPU.Build.0 = Release|Any CPU
		{2671BE14-50D9-47C4-8866-8F5B8B254885}.Debug|Any CPU.ActiveCfg = Debug|Any CPU
		{2671BE14-50D9-47C4-8866-8F5B8B254885}.Debug|Any CPU.Build.0 = Debug|Any CPU
		{2671BE14-50D9-47C4-8866-8F5B8B254885}.Release|Any CPU.ActiveCfg = Release|Any CPU
		{2671BE14-50D9-47C4-8866-8F5B8B254885}.Release|Any CPU.Build.0 = Release|Any CPU
	EndGlobalSection
	GlobalSection(SolutionProperties) = preSolution
		HideSolutionNode = FALSE
	EndGlobalSection
	GlobalSection(ExtensibilityGlobals) = postSolution
		SolutionGuid = {35D129F7-6BD6-4018-86FE-537F37FDF54C}
	EndGlobalSection
	GlobalSection(NestedProjects) = preSolution
		{912E4A01-20D9-4E74-82BB-3E838C18D5D5} = {F95C5E88-1B7A-44C5-9133-37E46F98893D}
		{34825874-6285-4DB5-917F-3D1D3096285A} = {F95C5E88-1B7A-44C5-9133-37E46F98893D}
		{8128CBAA-5616-4F51-B18D-FD9EE4A837C4} = {F95C5E88-1B7A-44C5-9133-37E46F98893D}
		{937DE79D-ABCB-4FEC-9195-58F1B63C4678} = {F95C5E88-1B7A-44C5-9133-37E46F98893D}
		{C03327F2-A304-45A0-9186-4A44E7968EA6} = {F95C5E88-1B7A-44C5-9133-37E46F98893D}
		{CF82C1F6-B930-49F1-A2E6-A435D60303EB} = {34825874-6285-4DB5-917F-3D1D3096285A}
		{3014E560-2695-4F2B-9908-7784BD6DD03A} = {937DE79D-ABCB-4FEC-9195-58F1B63C4678}
		{D9955C73-92D5-4CC3-A822-09AFBA393045} = {C03327F2-A304-45A0-9186-4A44E7968EA6}
		{E6F6200C-2BEF-4016-9CF2-51C2F55CB737} = {C03327F2-A304-45A0-9186-4A44E7968EA6}
		{C711CF92-CAD9-4CB0-B9D8-6B1A71DDFACF} = {C03327F2-A304-45A0-9186-4A44E7968EA6}
		{C4E69176-916C-445F-AF8C-1031407DA73E} = {912E4A01-20D9-4E74-82BB-3E838C18D5D5}
		{4F50390F-4906-4906-9D7E-5B493650BDC9} = {8128CBAA-5616-4F51-B18D-FD9EE4A837C4}
		{A7568574-A71C-4D28-94E4-7874E04CF7C3} = {F95C5E88-1B7A-44C5-9133-37E46F98893D}
		{C6333582-935E-4286-A49B-6B41140945DB} = {A7568574-A71C-4D28-94E4-7874E04CF7C3}
		{1109A3C7-A13D-4C55-81A1-53D7E8207015} = {5BCEE4F5-7CCA-4AAF-8427-B9FB9EAC5145}
	EndGlobalSection
EndGlobal
