
Microsoft Visual Studio Solution File, Format Version 12.00
# Visual Studio Version 17
VisualStudioVersion = 17.7.34009.444
MinimumVisualStudioVersion = 10.0.40219.1
Project("{2150E333-8FDC-42A3-9474-1A3956D46DE8}") = "Domain", "Domain", "{5487638C-DCC2-44F2-9CD7-1086762BBFF4}"
EndProject
Project("{2150E333-8FDC-42A3-9474-1A3956D46DE8}") = "Application", "Application", "{C8445A55-A20F-42E4-830A-1EFDC9848701}"
EndProject
Project("{2150E333-8FDC-42A3-9474-1A3956D46DE8}") = "Crosscutting", "Crosscutting", "{A4D48826-2386-4B8A-A246-DCB3F80ACB4F}"
EndProject
Project("{2150E333-8FDC-42A3-9474-1A3956D46DE8}") = "Infrastructure", "Infrastructure", "{15860654-66CA-4416-A2E5-E6F6A728C9B2}"
EndProject
Project("{2150E333-8FDC-42A3-9474-1A3956D46DE8}") = "Presentation", "Presentation", "{84C94709-C5F7-4FBB-88B7-4EFC63A43842}"
EndProject
Project("{2150E333-8FDC-42A3-9474-1A3956D46DE8}") = "QueryStack", "QueryStack", "{3C5741C4-8BB4-4087-9E27-85F9468F82FF}"
EndProject
Project("{9A19103F-16F7-4668-BE54-9A1E7A4F7556}") = "EmpCore.Infrastructure", "Infrastructure\EmpCore.Infrastructure\EmpCore.Infrastructure.csproj", "{186197D0-2D1A-40D6-8043-A6E2DC09969F}"
EndProject
Project("{9A19103F-16F7-4668-BE54-9A1E7A4F7556}") = "EmpCore.Persistence.EntityFrameworkCore", "Infrastructure\EmpCore.Persistence.EntityFrameworkCore\EmpCore.Persistence.EntityFrameworkCore.csproj", "{D9C171A5-25A3-4D73-839F-85015CF4BDC3}"
EndProject
Project("{9A19103F-16F7-4668-BE54-9A1E7A4F7556}") = "EmpCore.QueryStack.Dapper", "QueryStack\EmpCore.QueryStack.Dapper\EmpCore.QueryStack.Dapper.csproj", "{E834E1F9-95C4-487F-ADDA-DB1916F5BA1C}"
EndProject
Project("{9A19103F-16F7-4668-BE54-9A1E7A4F7556}") = "EmpCore.Crosscutting.DistributedCache", "Crosscutting\EmpCore.Crosscutting.DistributedCache\EmpCore.Crosscutting.DistributedCache.csproj", "{E1245938-AB6A-43CB-A411-9BA206CCCB38}"
EndProject
Project("{9A19103F-16F7-4668-BE54-9A1E7A4F7556}") = "EmpCore.Api", "Presentation\EmpCore.Api\EmpCore.Api.csproj", "{FCC2BC9E-615B-4E84-821E-8B5CE0D7FAC4}"
EndProject
Project("{9A19103F-16F7-4668-BE54-9A1E7A4F7556}") = "EmpCore.Application", "Application\EmpCore.Application\EmpCore.Application.csproj", "{071D3AE6-354B-439D-BD61-8F7177DF9FFF}"
EndProject
Project("{9A19103F-16F7-4668-BE54-9A1E7A4F7556}") = "EmpCore.Infrastructure.MessageBus.CAP", "Infrastructure\EmpCore.Infrastructure.MessageBus\EmpCore.Infrastructure.MessageBus.CAP.csproj", "{82818B4F-5488-4CBA-9629-6AB80FD766FB}"
EndProject
Project("{9A19103F-16F7-4668-BE54-9A1E7A4F7556}") = "EmpCore.Domain", "Domain\EmpCore.Domain\EmpCore.Domain.csproj", "{933657F1-1FDA-40C9-A2F2-AD750B40098D}"
EndProject
Project("{FAE04EC0-301F-11D3-BF4B-00C04F79EFBC}") = "EmpCore.WebApi.Swagger", "Presentation\EmpCore.WebApi.Swagger\EmpCore.WebApi.Swagger.csproj", "{933B171F-C7EF-46B2-A0FA-203392C58040}"
EndProject
Global
	GlobalSection(SolutionConfigurationPlatforms) = preSolution
		Debug|Any CPU = Debug|Any CPU
		Release|Any CPU = Release|Any CPU
	EndGlobalSection
	GlobalSection(ProjectConfigurationPlatforms) = postSolution
		{186197D0-2D1A-40D6-8043-A6E2DC09969F}.Debug|Any CPU.ActiveCfg = Debug|Any CPU
		{186197D0-2D1A-40D6-8043-A6E2DC09969F}.Debug|Any CPU.Build.0 = Debug|Any CPU
		{186197D0-2D1A-40D6-8043-A6E2DC09969F}.Release|Any CPU.ActiveCfg = Release|Any CPU
		{186197D0-2D1A-40D6-8043-A6E2DC09969F}.Release|Any CPU.Build.0 = Release|Any CPU
		{D9C171A5-25A3-4D73-839F-85015CF4BDC3}.Debug|Any CPU.ActiveCfg = Debug|Any CPU
		{D9C171A5-25A3-4D73-839F-85015CF4BDC3}.Debug|Any CPU.Build.0 = Debug|Any CPU
		{D9C171A5-25A3-4D73-839F-85015CF4BDC3}.Release|Any CPU.ActiveCfg = Release|Any CPU
		{D9C171A5-25A3-4D73-839F-85015CF4BDC3}.Release|Any CPU.Build.0 = Release|Any CPU
		{E834E1F9-95C4-487F-ADDA-DB1916F5BA1C}.Debug|Any CPU.ActiveCfg = Debug|Any CPU
		{E834E1F9-95C4-487F-ADDA-DB1916F5BA1C}.Debug|Any CPU.Build.0 = Debug|Any CPU
		{E834E1F9-95C4-487F-ADDA-DB1916F5BA1C}.Release|Any CPU.ActiveCfg = Release|Any CPU
		{E834E1F9-95C4-487F-ADDA-DB1916F5BA1C}.Release|Any CPU.Build.0 = Release|Any CPU
		{E1245938-AB6A-43CB-A411-9BA206CCCB38}.Debug|Any CPU.ActiveCfg = Debug|Any CPU
		{E1245938-AB6A-43CB-A411-9BA206CCCB38}.Debug|Any CPU.Build.0 = Debug|Any CPU
		{E1245938-AB6A-43CB-A411-9BA206CCCB38}.Release|Any CPU.ActiveCfg = Release|Any CPU
		{E1245938-AB6A-43CB-A411-9BA206CCCB38}.Release|Any CPU.Build.0 = Release|Any CPU
		{FCC2BC9E-615B-4E84-821E-8B5CE0D7FAC4}.Debug|Any CPU.ActiveCfg = Debug|Any CPU
		{FCC2BC9E-615B-4E84-821E-8B5CE0D7FAC4}.Debug|Any CPU.Build.0 = Debug|Any CPU
		{FCC2BC9E-615B-4E84-821E-8B5CE0D7FAC4}.Release|Any CPU.ActiveCfg = Release|Any CPU
		{FCC2BC9E-615B-4E84-821E-8B5CE0D7FAC4}.Release|Any CPU.Build.0 = Release|Any CPU
		{071D3AE6-354B-439D-BD61-8F7177DF9FFF}.Debug|Any CPU.ActiveCfg = Debug|Any CPU
		{071D3AE6-354B-439D-BD61-8F7177DF9FFF}.Debug|Any CPU.Build.0 = Debug|Any CPU
		{071D3AE6-354B-439D-BD61-8F7177DF9FFF}.Release|Any CPU.ActiveCfg = Release|Any CPU
		{071D3AE6-354B-439D-BD61-8F7177DF9FFF}.Release|Any CPU.Build.0 = Release|Any CPU
		{82818B4F-5488-4CBA-9629-6AB80FD766FB}.Debug|Any CPU.ActiveCfg = Debug|Any CPU
		{82818B4F-5488-4CBA-9629-6AB80FD766FB}.Debug|Any CPU.Build.0 = Debug|Any CPU
		{82818B4F-5488-4CBA-9629-6AB80FD766FB}.Release|Any CPU.ActiveCfg = Release|Any CPU
		{82818B4F-5488-4CBA-9629-6AB80FD766FB}.Release|Any CPU.Build.0 = Release|Any CPU
		{933657F1-1FDA-40C9-A2F2-AD750B40098D}.Debug|Any CPU.ActiveCfg = Debug|Any CPU
		{933657F1-1FDA-40C9-A2F2-AD750B40098D}.Debug|Any CPU.Build.0 = Debug|Any CPU
		{933657F1-1FDA-40C9-A2F2-AD750B40098D}.Release|Any CPU.ActiveCfg = Release|Any CPU
		{933657F1-1FDA-40C9-A2F2-AD750B40098D}.Release|Any CPU.Build.0 = Release|Any CPU
		{933B171F-C7EF-46B2-A0FA-203392C58040}.Debug|Any CPU.ActiveCfg = Debug|Any CPU
		{933B171F-C7EF-46B2-A0FA-203392C58040}.Debug|Any CPU.Build.0 = Debug|Any CPU
		{933B171F-C7EF-46B2-A0FA-203392C58040}.Release|Any CPU.ActiveCfg = Release|Any CPU
		{933B171F-C7EF-46B2-A0FA-203392C58040}.Release|Any CPU.Build.0 = Release|Any CPU
	EndGlobalSection
	GlobalSection(SolutionProperties) = preSolution
		HideSolutionNode = FALSE
	EndGlobalSection
	GlobalSection(NestedProjects) = preSolution
		{186197D0-2D1A-40D6-8043-A6E2DC09969F} = {15860654-66CA-4416-A2E5-E6F6A728C9B2}
		{D9C171A5-25A3-4D73-839F-85015CF4BDC3} = {15860654-66CA-4416-A2E5-E6F6A728C9B2}
		{E834E1F9-95C4-487F-ADDA-DB1916F5BA1C} = {3C5741C4-8BB4-4087-9E27-85F9468F82FF}
		{E1245938-AB6A-43CB-A411-9BA206CCCB38} = {A4D48826-2386-4B8A-A246-DCB3F80ACB4F}
		{FCC2BC9E-615B-4E84-821E-8B5CE0D7FAC4} = {84C94709-C5F7-4FBB-88B7-4EFC63A43842}
		{071D3AE6-354B-439D-BD61-8F7177DF9FFF} = {C8445A55-A20F-42E4-830A-1EFDC9848701}
		{82818B4F-5488-4CBA-9629-6AB80FD766FB} = {15860654-66CA-4416-A2E5-E6F6A728C9B2}
		{933657F1-1FDA-40C9-A2F2-AD750B40098D} = {5487638C-DCC2-44F2-9CD7-1086762BBFF4}
		{933B171F-C7EF-46B2-A0FA-203392C58040} = {84C94709-C5F7-4FBB-88B7-4EFC63A43842}
	EndGlobalSection
	GlobalSection(ExtensibilityGlobals) = postSolution
		SolutionGuid = {E084B3E1-AF53-4209-B2F4-8DB114E645A6}
	EndGlobalSection
EndGlobal
